
Microsoft Visual Studio Solution File, Format Version 12.00
# Visual Studio Version 17
VisualStudioVersion = 17.10.35122.118
MinimumVisualStudioVersion = 10.0.40219.1
Project("{8BC9CEB8-8B4A-11D0-8D11-00A0C91BC942}") = "pfc", "..\submodules\pfc\pfc.vcxproj", "{EBFFFB4E-261D-44D3-B89C-957B31A0BF9C}"
EndProject
Project("{8BC9CEB8-8B4A-11D0-8D11-00A0C91BC942}") = "foobar2000_SDK", "..\submodules\foobar2000\SDK\foobar2000_SDK.vcxproj", "{E8091321-D79D-4575-86EF-064EA1A4A20D}"
EndProject
Project("{8BC9CEB8-8B4A-11D0-8D11-00A0C91BC942}") = "foobar2000_component_client", "..\submodules\foobar2000\foobar2000_component_client\foobar2000_component_client.vcxproj", "{71AD2674-065B-48F5-B8B0-E1F9D3892081}"
EndProject
Project("{8BC9CEB8-8B4A-11D0-8D11-00A0C91BC942}") = "foo_discord_rich", "..\foo_discord_rich\foo_discord_rich.vcxproj", "{2512D1C5-90F3-45D2-83E6-65C6FBBAB7B7}"
EndProject
Project("{8BC9CEB8-8B4A-11D0-8D11-00A0C91BC942}") = "discord-rpc", "..\submodules\discord-rpc\discord-rpc.vcxproj", "{FD83C8CA-35C7-4F67-ADE3-2FD99C91B230}"
EndProject
Project("{2150E333-8FDC-42A3-9474-1A3956D46DE8}") = "docs", "docs", "{84900D01-0673-48C4-AD17-635F2DA60810}"
	ProjectSection(SolutionItems) = preProject
		..\CHANGELOG.md = ..\CHANGELOG.md
		..\LICENSE = ..\LICENSE
		..\README.md = ..\README.md
		..\THIRD_PARTY_NOTICES.md = ..\THIRD_PARTY_NOTICES.md
		..\VERSION = ..\VERSION
	EndProjectSection
EndProject
Project("{2150E333-8FDC-42A3-9474-1A3956D46DE8}") = "submodules", "submodules", "{FFFB67DC-1AF7-40E8-BA23-3D617878AA6E}"
EndProject
Project("{2150E333-8FDC-42A3-9474-1A3956D46DE8}") = "Solution Items", "Solution Items", "{C81E6059-F23E-42D6-8952-CED0CE1BC80A}"
	ProjectSection(SolutionItems) = preProject
		..\foo_discord_rich\.clang-format = ..\foo_discord_rich\.clang-format
	EndProjectSection
EndProject
Project("{8BC9CEB8-8B4A-11D0-8D11-00A0C91BC942}") = "fb2k_utils", "..\submodules\fb2k_utils\src\fb2k_utils.vcxproj", "{EE3BF4F9-2014-4CFF-96C8-44CFB85E0571}"
EndProject
Project("{8BC9CEB8-8B4A-11D0-8D11-00A0C91BC942}") = "cpr", "..\submodules\cpr\cpr.vcxproj", "{252FFD06-6A3F-4A2F-AEE0-4586A16D698F}"
EndProject
Global
	GlobalSection(SolutionConfigurationPlatforms) = preSolution
		Debug|Win32 = Debug|Win32
		Debug|x64 = Debug|x64
		Release|Win32 = Release|Win32
		Release|x64 = Release|x64
	EndGlobalSection
	GlobalSection(ProjectConfigurationPlatforms) = postSolution
		{EBFFFB4E-261D-44D3-B89C-957B31A0BF9C}.Debug|Win32.ActiveCfg = Debug FB2K|Win32
		{EBFFFB4E-261D-44D3-B89C-957B31A0BF9C}.Debug|Win32.Build.0 = Debug FB2K|Win32
		{EBFFFB4E-261D-44D3-B89C-957B31A0BF9C}.Debug|x64.ActiveCfg = Debug FB2K|x64
		{EBFFFB4E-261D-44D3-B89C-957B31A0BF9C}.Debug|x64.Build.0 = Debug FB2K|x64
		{EBFFFB4E-261D-44D3-B89C-957B31A0BF9C}.Release|Win32.ActiveCfg = Release FB2K|Win32
		{EBFFFB4E-261D-44D3-B89C-957B31A0BF9C}.Release|Win32.Build.0 = Release FB2K|Win32
		{EBFFFB4E-261D-44D3-B89C-957B31A0BF9C}.Release|x64.ActiveCfg = Release FB2K|x64
		{EBFFFB4E-261D-44D3-B89C-957B31A0BF9C}.Release|x64.Build.0 = Release FB2K|x64
		{E8091321-D79D-4575-86EF-064EA1A4A20D}.Debug|Win32.ActiveCfg = Debug|Win32
		{E8091321-D79D-4575-86EF-064EA1A4A20D}.Debug|Win32.Build.0 = Debug|Win32
		{E8091321-D79D-4575-86EF-064EA1A4A20D}.Debug|x64.ActiveCfg = Debug|x64
		{E8091321-D79D-4575-86EF-064EA1A4A20D}.Debug|x64.Build.0 = Debug|x64
		{E8091321-D79D-4575-86EF-064EA1A4A20D}.Release|Win32.ActiveCfg = Release|Win32
		{E8091321-D79D-4575-86EF-064EA1A4A20D}.Release|Win32.Build.0 = Release|Win32
		{E8091321-D79D-4575-86EF-064EA1A4A20D}.Release|x64.ActiveCfg = Release|x64
		{E8091321-D79D-4575-86EF-064EA1A4A20D}.Release|x64.Build.0 = Release|x64
		{71AD2674-065B-48F5-B8B0-E1F9D3892081}.Debug|Win32.ActiveCfg = Debug|Win32
		{71AD2674-065B-48F5-B8B0-E1F9D3892081}.Debug|Win32.Build.0 = Debug|Win32
		{71AD2674-065B-48F5-B8B0-E1F9D3892081}.Debug|x64.ActiveCfg = Debug|x64
		{71AD2674-065B-48F5-B8B0-E1F9D3892081}.Debug|x64.Build.0 = Debug|x64
		{71AD2674-065B-48F5-B8B0-E1F9D3892081}.Release|Win32.ActiveCfg = Release|Win32
		{71AD2674-065B-48F5-B8B0-E1F9D3892081}.Release|Win32.Build.0 = Release|Win32
		{71AD2674-065B-48F5-B8B0-E1F9D3892081}.Release|x64.ActiveCfg = Release|x64
		{71AD2674-065B-48F5-B8B0-E1F9D3892081}.Release|x64.Build.0 = Release|x64
		{2512D1C5-90F3-45D2-83E6-65C6FBBAB7B7}.Debug|Win32.ActiveCfg = Debug|Win32
		{2512D1C5-90F3-45D2-83E6-65C6FBBAB7B7}.Debug|Win32.Build.0 = Debug|Win32
		{2512D1C5-90F3-45D2-83E6-65C6FBBAB7B7}.Debug|x64.ActiveCfg = Debug|x64
		{2512D1C5-90F3-45D2-83E6-65C6FBBAB7B7}.Debug|x64.Build.0 = Debug|x64
		{2512D1C5-90F3-45D2-83E6-65C6FBBAB7B7}.Release|Win32.ActiveCfg = Release|Win32
		{2512D1C5-90F3-45D2-83E6-65C6FBBAB7B7}.Release|Win32.Build.0 = Release|Win32
		{2512D1C5-90F3-45D2-83E6-65C6FBBAB7B7}.Release|x64.ActiveCfg = Release|x64
		{2512D1C5-90F3-45D2-83E6-65C6FBBAB7B7}.Release|x64.Build.0 = Release|x64
		{FD83C8CA-35C7-4F67-ADE3-2FD99C91B230}.Debug|Win32.ActiveCfg = Debug|Win32
		{FD83C8CA-35C7-4F67-ADE3-2FD99C91B230}.Debug|Win32.Build.0 = Debug|Win32
		{FD83C8CA-35C7-4F67-ADE3-2FD99C91B230}.Debug|x64.ActiveCfg = Debug|x64
		{FD83C8CA-35C7-4F67-ADE3-2FD99C91B230}.Debug|x64.Build.0 = Debug|x64
		{FD83C8CA-35C7-4F67-ADE3-2FD99C91B230}.Release|Win32.ActiveCfg = Release|Win32
		{FD83C8CA-35C7-4F67-ADE3-2FD99C91B230}.Release|Win32.Build.0 = Release|Win32
		{FD83C8CA-35C7-4F67-ADE3-2FD99C91B230}.Release|x64.ActiveCfg = Release|x64
		{FD83C8CA-35C7-4F67-ADE3-2FD99C91B230}.Release|x64.Build.0 = Release|x64
		{EE3BF4F9-2014-4CFF-96C8-44CFB85E0571}.Debug|Win32.ActiveCfg = Debug|Win32
		{EE3BF4F9-2014-4CFF-96C8-44CFB85E0571}.Debug|Win32.Build.0 = Debug|Win32
		{EE3BF4F9-2014-4CFF-96C8-44CFB85E0571}.Debug|x64.ActiveCfg = Debug|x64
		{EE3BF4F9-2014-4CFF-96C8-44CFB85E0571}.Debug|x64.Build.0 = Debug|x64
		{EE3BF4F9-2014-4CFF-96C8-44CFB85E0571}.Release|Win32.ActiveCfg = Release|Win32
		{EE3BF4F9-2014-4CFF-96C8-44CFB85E0571}.Release|Win32.Build.0 = Release|Win32
		{EE3BF4F9-2014-4CFF-96C8-44CFB85E0571}.Release|x64.ActiveCfg = Release|x64
		{EE3BF4F9-2014-4CFF-96C8-44CFB85E0571}.Release|x64.Build.0 = Release|x64
		{252FFD06-6A3F-4A2F-AEE0-4586A16D698F}.Debug|Win32.ActiveCfg = Debug|Win32
		{252FFD06-6A3F-4A2F-AEE0-4586A16D698F}.Debug|Win32.Build.0 = Debug|Win32
		{252FFD06-6A3F-4A2F-AEE0-4586A16D698F}.Debug|x64.ActiveCfg = Debug|x64
		{252FFD06-6A3F-4A2F-AEE0-4586A16D698F}.Debug|x64.Build.0 = Debug|x64
		{252FFD06-6A3F-4A2F-AEE0-4586A16D698F}.Release|Win32.ActiveCfg = Release|Win32
		{252FFD06-6A3F-4A2F-AEE0-4586A16D698F}.Release|Win32.Build.0 = Release|Win32
		{252FFD06-6A3F-4A2F-AEE0-4586A16D698F}.Release|x64.ActiveCfg = Release|x64
		{252FFD06-6A3F-4A2F-AEE0-4586A16D698F}.Release|x64.Build.0 = Release|x64
	EndGlobalSection
	GlobalSection(SolutionProperties) = preSolution
		HideSolutionNode = FALSE
	EndGlobalSection
	GlobalSection(NestedProjects) = preSolution
		{EBFFFB4E-261D-44D3-B89C-957B31A0BF9C} = {FFFB67DC-1AF7-40E8-BA23-3D617878AA6E}
		{E8091321-D79D-4575-86EF-064EA1A4A20D} = {FFFB67DC-1AF7-40E8-BA23-3D617878AA6E}
		{71AD2674-065B-48F5-B8B0-E1F9D3892081} = {FFFB67DC-1AF7-40E8-BA23-3D617878AA6E}
		{FD83C8CA-35C7-4F67-ADE3-2FD99C91B230} = {FFFB67DC-1AF7-40E8-BA23-3D617878AA6E}
		{EE3BF4F9-2014-4CFF-96C8-44CFB85E0571} = {FFFB67DC-1AF7-40E8-BA23-3D617878AA6E}
		{252FFD06-6A3F-4A2F-AEE0-4586A16D698F} = {FFFB67DC-1AF7-40E8-BA23-3D617878AA6E}
	EndGlobalSection
	GlobalSection(ExtensibilityGlobals) = postSolution
		SolutionNewStyle = 1
		SolutionGuid = {4D2A89B2-D138-40DD-95BE-5B71166AD3DC}
	EndGlobalSection
EndGlobal
