<?xml version="1.0" encoding="utf-8"?>
<Project ToolsVersion="4.0" xmlns="http://schemas.microsoft.com/developer/msbuild/2003">
  <ItemGroup>
    <Filter Include="utils">
      <UniqueIdentifier>{4e0b84fe-8611-4dde-91f1-a37c6ff588ac}</UniqueIdentifier>
    </Filter>
    <Filter Include="ui">
      <UniqueIdentifier>{f4bb6562-042d-4ef7-a9f2-942b014da39d}</UniqueIdentifier>
    </Filter>
    <Filter Include="ui\internal">
      <UniqueIdentifier>{0f5bf5d1-b6fb-4b5e-a9fe-cfad57f5fa1f}</UniqueIdentifier>
    </Filter>
    <Filter Include="fb2k">
      <UniqueIdentifier>{abc073cb-2992-4a6e-8e40-9bf7360888df}</UniqueIdentifier>
    </Filter>
    <Filter Include="discord">
      <UniqueIdentifier>{99a9de41-701f-4a5b-aa0a-d1abe5ff68e2}</UniqueIdentifier>
    </Filter>
  </ItemGroup>
  <ItemGroup>
    <ClCompile Include="utils\string_helpers.cpp">
      <Filter>utils</Filter>
    </ClCompile>
    <ClCompile Include="ui\ui_pref_tab_manager.cpp">
      <Filter>ui</Filter>
    </ClCompile>
    <ClCompile Include="ui\ui_pref_tab_main.cpp">
      <Filter>ui</Filter>
    </ClCompile>
    <ClCompile Include="ui\ui_pref_tab_advanced.cpp">
      <Filter>ui</Filter>
    </ClCompile>
    <ClCompile Include="utils\semantic_version.cpp">
      <Filter>utils</Filter>
    </ClCompile>
    <ClCompile Include="utils\unicode.cpp">
      <Filter>utils</Filter>
    </ClCompile>
    <ClCompile Include="utils\pfc_helpers_stream.cpp">
      <Filter>utils</Filter>
    </ClCompile>
    <ClCompile Include="utils\pfc_helpers_cfg.cpp">
      <Filter>utils</Filter>
    </ClCompile>
    <ClCompile Include="fb2k\fb2k_callbacks.cpp">
      <Filter>fb2k</Filter>
    </ClCompile>
    <ClCompile Include="fb2k\mainmenu.cpp">
      <Filter>fb2k</Filter>
    </ClCompile>
    <ClCompile Include="discord\discord_impl.cpp">
      <Filter>discord</Filter>
    </ClCompile>
    <ClCompile Include="fb2k\config.cpp">
      <Filter>fb2k</Filter>
    </ClCompile>
    <ClCompile Include="fb2k\acfu_integration.cpp">
      <Filter>fb2k</Filter>
    </ClCompile>
    <ClCompile Include="dllmain.cpp" />
    <ClCompile Include="stdafx.cpp" />
  </ItemGroup>
  <ItemGroup>
    <ClInclude Include="utils\string_helpers.h">
      <Filter>utils</Filter>
    </ClInclude>
    <ClInclude Include="utils\acfu_github.h">
      <Filter>utils</Filter>
    </ClInclude>
    <ClInclude Include="resource.h">
      <Filter>ui</Filter>
    </ClInclude>
    <ClInclude Include="utils\cfg_wrap.h">
      <Filter>utils</Filter>
    </ClInclude>
    <ClInclude Include="ui\ui_pref_tab_manager.h">
      <Filter>ui</Filter>
    </ClInclude>
    <ClInclude Include="ui\ui_itab.h">
      <Filter>ui</Filter>
    </ClInclude>
    <ClInclude Include="ui\ui_pref_tab_main.h">
      <Filter>ui</Filter>
    </ClInclude>
    <ClInclude Include="ui\ui_pref_tab_advanced.h">
      <Filter>ui</Filter>
    </ClInclude>
    <ClInclude Include="ui\internal\ui_cfg_wrap.h">
      <Filter>ui\internal</Filter>
    </ClInclude>
    <ClInclude Include="utils\pfc_helpers_stream.h">
      <Filter>utils</Filter>
    </ClInclude>
    <ClInclude Include="utils\semantic_version.h">
      <Filter>utils</Filter>
    </ClInclude>
    <ClInclude Include="utils\unicode.h">
      <Filter>utils</Filter>
    </ClInclude>
    <ClInclude Include="utils\pfc_helpers_ui.h">
      <Filter>utils</Filter>
    </ClInclude>
    <ClInclude Include="utils\pfc_helpers_cfg.h">
      <Filter>utils</Filter>
    </ClInclude>
    <ClInclude Include="discord\discord_impl.h">
      <Filter>discord</Filter>
    </ClInclude>
    <ClInclude Include="fb2k\config.h">
      <Filter>fb2k</Filter>
    </ClInclude>
    <ClInclude Include="component_defines.h" />
    <ClInclude Include="component_guids.h" />
    <ClInclude Include="stdafx.h" />
  </ItemGroup>
  <ItemGroup>
    <None Include="packages.config" />
  </ItemGroup>
  <ItemGroup>
    <ResourceCompile Include="foo_discord_rich.rc">
      <Filter>ui</Filter>
    </ResourceCompile>
  </ItemGroup>
</Project>