<?xml version="1.0" encoding="utf-8"?>
<Project ToolsVersion="4.0" xmlns="http://schemas.microsoft.com/developer/msbuild/2003">
  <ItemGroup>
    <Filter Include="utils">
      <UniqueIdentifier>{4e0b84fe-8611-4dde-91f1-a37c6ff588ac}</UniqueIdentifier>
    </Filter>
    <Filter Include="ui">
      <UniqueIdentifier>{f4bb6562-042d-4ef7-a9f2-942b014da39d}</UniqueIdentifier>
    </Filter>
    <Filter Include="fb2k">
      <UniqueIdentifier>{abc073cb-2992-4a6e-8e40-9bf7360888df}</UniqueIdentifier>
    </Filter>
    <Filter Include="discord">
      <UniqueIdentifier>{99a9de41-701f-4a5b-aa0a-d1abe5ff68e2}</UniqueIdentifier>
    </Filter>
    <Filter Include="resources">
      <UniqueIdentifier>{be01d18f-b5d4-4cbd-bfef-8bb55e89465e}</UniqueIdentifier>
    </Filter>
  </ItemGroup>
  <ItemGroup>
    <ClCompile Include="ui\ui_pref_tab_manager.cpp">
      <Filter>ui</Filter>
    </ClCompile>
    <ClCompile Include="ui\ui_pref_tab_main.cpp">
      <Filter>ui</Filter>
    </ClCompile>
    <ClCompile Include="ui\ui_pref_tab_advanced.cpp">
      <Filter>ui</Filter>
    </ClCompile>
    <ClCompile Include="fb2k\mainmenu.cpp">
      <Filter>fb2k</Filter>
    </ClCompile>
    <ClCompile Include="discord\discord_impl.cpp">
      <Filter>discord</Filter>
    </ClCompile>
    <ClCompile Include="fb2k\config.cpp">
      <Filter>fb2k</Filter>
    </ClCompile>
    <ClCompile Include="fb2k\acfu_integration.cpp">
      <Filter>fb2k</Filter>
    </ClCompile>
    <ClCompile Include="dllmain.cpp" />
    <ClCompile Include="stdafx.cpp" />
    <ClCompile Include="fb2k\playback.cpp">
      <Filter>fb2k</Filter>
    </ClCompile>
    <ClCompile Include="discord\uploader.cpp">
      <Filter>discord</Filter>
    </ClCompile>
    <ClCompile Include="discord\image_hasher.cpp">
      <Filter>discord</Filter>
    </ClCompile>
    <ClCompile Include="fb2k\artwork_metadb.cpp">
      <Filter>fb2k</Filter>
    </ClCompile>
    <ClCompile Include="fb2k\menus.cpp">
      <Filter>fb2k</Filter>
    </ClCompile>
    <ClCompile Include="fb2k\metadb_helpers.cpp" />
    <ClCompile Include="ui\url_input.cpp">
      <Filter>ui</Filter>
    </ClCompile>
  </ItemGroup>
  <ItemGroup>
    <ClInclude Include="utils\acfu_github.h">
      <Filter>utils</Filter>
    </ClInclude>
    <ClInclude Include="ui\ui_pref_tab_manager.h">
      <Filter>ui</Filter>
    </ClInclude>
    <ClInclude Include="ui\ui_itab.h">
      <Filter>ui</Filter>
    </ClInclude>
    <ClInclude Include="ui\ui_pref_tab_main.h">
      <Filter>ui</Filter>
    </ClInclude>
    <ClInclude Include="ui\ui_pref_tab_advanced.h">
      <Filter>ui</Filter>
    </ClInclude>
    <ClInclude Include="discord\discord_impl.h">
      <Filter>discord</Filter>
    </ClInclude>
    <ClInclude Include="fb2k\config.h">
      <Filter>fb2k</Filter>
    </ClInclude>
    <ClInclude Include="component_defines.h" />
    <ClInclude Include="component_guids.h" />
    <ClInclude Include="stdafx.h" />
    <ClInclude Include="resource.h">
      <Filter>resources</Filter>
    </ClInclude>
    <ClInclude Include="discord\uploader.h">
      <Filter>discord</Filter>
    </ClInclude>
    <ClInclude Include="discord\image_hasher.h">
      <Filter>discord</Filter>
    </ClInclude>
    <ClInclude Include="fb2k\artwork_metadb.h">
      <Filter>fb2k</Filter>
    </ClInclude>
    <ClInclude Include="fb2k\metadb_helpers.h" />
    <ClInclude Include="ui\url_input.h">
      <Filter>ui</Filter>
    </ClInclude>
  </ItemGroup>
  <ItemGroup>
    <None Include="packages.config" />
    <None Include="foo_discord_rich.rc2">
      <Filter>resources</Filter>
    </None>
  </ItemGroup>
  <ItemGroup>
    <ResourceCompile Include="foo_discord_rich.rc">
      <Filter>resources</Filter>
    </ResourceCompile>
  </ItemGroup>
</Project>