<?xml version="1.0" encoding="utf-8"?>
<Project ToolsVersion="4.0" xmlns="http://schemas.microsoft.com/developer/msbuild/2003">
  <ItemGroup>
    <Filter Include="utils">
      <UniqueIdentifier>{4e0b84fe-8611-4dde-91f1-a37c6ff588ac}</UniqueIdentifier>
    </Filter>
    <Filter Include="core">
      <UniqueIdentifier>{29a62391-d80b-4934-87d0-b385d169877e}</UniqueIdentifier>
    </Filter>
    <Filter Include="_docs">
      <UniqueIdentifier>{3db0e69e-5c9f-417e-b528-473b02d5ae39}</UniqueIdentifier>
    </Filter>
    <Filter Include="ui">
      <UniqueIdentifier>{f4bb6562-042d-4ef7-a9f2-942b014da39d}</UniqueIdentifier>
    </Filter>
  </ItemGroup>
  <ItemGroup>
    <ClCompile Include="discord_impl.cpp">
      <Filter>core</Filter>
    </ClCompile>
    <ClCompile Include="foo_discord_rich.cpp">
      <Filter>core</Filter>
    </ClCompile>
    <ClCompile Include="stdafx.cpp">
      <Filter>core</Filter>
    </ClCompile>
    <ClCompile Include="utils\version_helpers.cpp">
      <Filter>utils</Filter>
    </ClCompile>
    <ClCompile Include="utils\string_helpers.cpp">
      <Filter>utils</Filter>
    </ClCompile>
    <ClCompile Include="ui\ui_pref.cpp">
      <Filter>ui</Filter>
    </ClCompile>
    <ClCompile Include="acfu_integration.cpp">
      <Filter>core</Filter>
    </ClCompile>
    <ClCompile Include="mainmenu.cpp">
      <Filter>core</Filter>
    </ClCompile>
    <ClCompile Include="config.cpp">
      <Filter>core</Filter>
    </ClCompile>
    <ClCompile Include="fb2k_callbacks.cpp">
      <Filter>core</Filter>
    </ClCompile>
  </ItemGroup>
  <ItemGroup>
    <ClInclude Include="component_defines.h">
      <Filter>core</Filter>
    </ClInclude>
    <ClInclude Include="discord_impl.h">
      <Filter>core</Filter>
    </ClInclude>
    <ClInclude Include="stdafx.h">
      <Filter>core</Filter>
    </ClInclude>
    <ClInclude Include="utils\string_helpers.h">
      <Filter>utils</Filter>
    </ClInclude>
    <ClInclude Include="utils\version_helpers.h">
      <Filter>utils</Filter>
    </ClInclude>
    <ClInclude Include="utils\acfu_github.h">
      <Filter>utils</Filter>
    </ClInclude>
    <ClInclude Include="ui\ui_pref.h">
      <Filter>ui</Filter>
    </ClInclude>
    <ClInclude Include="resource.h">
      <Filter>ui</Filter>
    </ClInclude>
    <ClInclude Include="utils\cfg_wrap.h">
      <Filter>utils</Filter>
    </ClInclude>
    <ClInclude Include="config.h">
      <Filter>core</Filter>
    </ClInclude>
    <ClInclude Include="component_guids.h">
      <Filter>core</Filter>
    </ClInclude>
  </ItemGroup>
  <ItemGroup>
    <None Include=".clang-format" />
    <None Include="..\CHANGELOG.md">
      <Filter>_docs</Filter>
    </None>
    <None Include="..\README.md">
      <Filter>_docs</Filter>
    </None>
  </ItemGroup>
  <ItemGroup>
    <ResourceCompile Include="foo_discord_rich.rc">
      <Filter>ui</Filter>
    </ResourceCompile>
  </ItemGroup>
</Project>